// !$*UTF8*$!
{
	archiveVersion = 1;
	classes = {
	};
	objectVersion = 46;
	objects = {

/* Begin PBXBuildFile section */
		041131FF1C10BB0E008D7580 /* SettingsViewController.m in Sources */ = {isa = PBXBuildFile; fileRef = 041131FE1C10BB0E008D7580 /* SettingsViewController.m */; };
		04154AE71BEA2BC6009989FD /* GradientPlots.m in Sources */ = {isa = PBXBuildFile; fileRef = 04154AE61BEA2BC6009989FD /* GradientPlots.m */; };
		043F5BDB1BFB97660061A8AA /* UIImage+OWMCondition.m in Sources */ = {isa = PBXBuildFile; fileRef = 043F5BDA1BFB97660061A8AA /* UIImage+OWMCondition.m */; };
		044A6C4A1BCFD18E007B3FA4 /* FallBehavior.m in Sources */ = {isa = PBXBuildFile; fileRef = 044A6C491BCFD18E007B3FA4 /* FallBehavior.m */; };
		04550CB81BC811CE00B07242 /* UIImage+Picker.m in Sources */ = {isa = PBXBuildFile; fileRef = 04550CB71BC811CE00B07242 /* UIImage+Picker.m */; };
		04803C4B1BF5F93F004ED07D /* ForecastViewController.m in Sources */ = {isa = PBXBuildFile; fileRef = 04803C4A1BF5F93F004ED07D /* ForecastViewController.m */; };
		048532121C160FE800BD0F22 /* SwitchTableViewCell.m in Sources */ = {isa = PBXBuildFile; fileRef = 048532111C160FE800BD0F22 /* SwitchTableViewCell.m */; };
		0493FB921C08C0C500358F3C /* Design.m in Sources */ = {isa = PBXBuildFile; fileRef = 0493FB911C08C0C500358F3C /* Design.m */; };
		0493FB961C0A165F00358F3C /* NavigationController.m in Sources */ = {isa = PBXBuildFile; fileRef = 0493FB951C0A165F00358F3C /* NavigationController.m */; };
		0493FB991C0A20DF00358F3C /* PageWeatherController.m in Sources */ = {isa = PBXBuildFile; fileRef = 0493FB981C0A20DE00358F3C /* PageWeatherController.m */; };
		04ABDBC11C135E7100931CE8 /* CitySearchViewController.m in Sources */ = {isa = PBXBuildFile; fileRef = 04ABDBC01C135E7100931CE8 /* CitySearchViewController.m */; };
		04AC9B561BE9126100D0D429 /* WeatherViewController.m in Sources */ = {isa = PBXBuildFile; fileRef = 04AC9B551BE9126100D0D429 /* WeatherViewController.m */; };
		04AE66C71BDA63E2004E6FB5 /* WeatherManager.m in Sources */ = {isa = PBXBuildFile; fileRef = 04AE66C61BDA63E2004E6FB5 /* WeatherManager.m */; };
		04B3E0851B7E0B030010BE5E /* OpenWeatherMap.m in Sources */ = {isa = PBXBuildFile; fileRef = 04B3E0841B7E0B030010BE5E /* OpenWeatherMap.m */; };
		04FE0E191BA6D2D1005B061F /* CircleView.m in Sources */ = {isa = PBXBuildFile; fileRef = 04FE0E181BA6D2D1005B061F /* CircleView.m */; };
		270D2FF70C22C7ACF78225BC /* libPods.a in Frameworks */ = {isa = PBXBuildFile; fileRef = D6FF7968807FCA3E7085C27C /* libPods.a */; };
		635EDD781BDBFBC6008D48C6 /* UIImage+ImageEffects.m in Sources */ = {isa = PBXBuildFile; fileRef = 635EDD771BDBFBC6008D48C6 /* UIImage+ImageEffects.m */; };
		CE3B8AEE1B78E68300716155 /* CoreLocation.framework in Frameworks */ = {isa = PBXBuildFile; fileRef = CE3B8AED1B78E68300716155 /* CoreLocation.framework */; };
		CE45718C1B83D1C300323C90 /* Weather.m in Sources */ = {isa = PBXBuildFile; fileRef = CE45718B1B83D1C300323C90 /* Weather.m */; };
		CE69C1ED1B77954E005CC71D /* main.m in Sources */ = {isa = PBXBuildFile; fileRef = CE69C1EC1B77954E005CC71D /* main.m */; };
		CE69C1F01B77954E005CC71D /* AppDelegate.m in Sources */ = {isa = PBXBuildFile; fileRef = CE69C1EF1B77954E005CC71D /* AppDelegate.m */; };
		CE69C1F61B77954E005CC71D /* Main.storyboard in Resources */ = {isa = PBXBuildFile; fileRef = CE69C1F41B77954E005CC71D /* Main.storyboard */; };
		CE69C1F81B77954E005CC71D /* Images.xcassets in Resources */ = {isa = PBXBuildFile; fileRef = CE69C1F71B77954E005CC71D /* Images.xcassets */; };
		CE69C1FB1B77954E005CC71D /* LaunchScreen.xib in Resources */ = {isa = PBXBuildFile; fileRef = CE69C1F91B77954E005CC71D /* LaunchScreen.xib */; };
		CE69C2071B77954F005CC71D /* WeatherAppTests.m in Sources */ = {isa = PBXBuildFile; fileRef = CE69C2061B77954F005CC71D /* WeatherAppTests.m */; };
		CED1CA011C03C3120039BA9D /* CollectionReusableView.m in Sources */ = {isa = PBXBuildFile; fileRef = CED1CA001C03C3110039BA9D /* CollectionReusableView.m */; };
/* End PBXBuildFile section */

/* Begin PBXContainerItemProxy section */
		CE69C2011B77954F005CC71D /* PBXContainerItemProxy */ = {
			isa = PBXContainerItemProxy;
			containerPortal = CE69C1DF1B77954E005CC71D /* Project object */;
			proxyType = 1;
			remoteGlobalIDString = CE69C1E61B77954E005CC71D;
			remoteInfo = WeatherApp;
		};
/* End PBXContainerItemProxy section */

/* Begin PBXFileReference section */
		041131FD1C10BB0E008D7580 /* SettingsViewController.h */ = {isa = PBXFileReference; fileEncoding = 4; lastKnownFileType = sourcecode.c.h; path = SettingsViewController.h; sourceTree = "<group>"; };
		041131FE1C10BB0E008D7580 /* SettingsViewController.m */ = {isa = PBXFileReference; fileEncoding = 4; lastKnownFileType = sourcecode.c.objc; path = SettingsViewController.m; sourceTree = "<group>"; };
		04154AE51BEA2BC6009989FD /* GradientPlots.h */ = {isa = PBXFileReference; fileEncoding = 4; lastKnownFileType = sourcecode.c.h; path = GradientPlots.h; sourceTree = "<group>"; };
		04154AE61BEA2BC6009989FD /* GradientPlots.m */ = {isa = PBXFileReference; fileEncoding = 4; lastKnownFileType = sourcecode.c.objc; path = GradientPlots.m; sourceTree = "<group>"; };
		043F5BD91BFB97660061A8AA /* UIImage+OWMCondition.h */ = {isa = PBXFileReference; fileEncoding = 4; lastKnownFileType = sourcecode.c.h; path = "UIImage+OWMCondition.h"; sourceTree = "<group>"; };
		043F5BDA1BFB97660061A8AA /* UIImage+OWMCondition.m */ = {isa = PBXFileReference; fileEncoding = 4; lastKnownFileType = sourcecode.c.objc; path = "UIImage+OWMCondition.m"; sourceTree = "<group>"; };
		044A6C481BCFD18E007B3FA4 /* FallBehavior.h */ = {isa = PBXFileReference; fileEncoding = 4; lastKnownFileType = sourcecode.c.h; path = FallBehavior.h; sourceTree = "<group>"; };
		044A6C491BCFD18E007B3FA4 /* FallBehavior.m */ = {isa = PBXFileReference; fileEncoding = 4; lastKnownFileType = sourcecode.c.objc; path = FallBehavior.m; sourceTree = "<group>"; };
		04550CB61BC811CE00B07242 /* UIImage+Picker.h */ = {isa = PBXFileReference; fileEncoding = 4; lastKnownFileType = sourcecode.c.h; path = "UIImage+Picker.h"; sourceTree = "<group>"; };
		04550CB71BC811CE00B07242 /* UIImage+Picker.m */ = {isa = PBXFileReference; fileEncoding = 4; lastKnownFileType = sourcecode.c.objc; path = "UIImage+Picker.m"; sourceTree = "<group>"; };
		04803C491BF5F93F004ED07D /* ForecastViewController.h */ = {isa = PBXFileReference; fileEncoding = 4; lastKnownFileType = sourcecode.c.h; path = ForecastViewController.h; sourceTree = "<group>"; };
		04803C4A1BF5F93F004ED07D /* ForecastViewController.m */ = {isa = PBXFileReference; fileEncoding = 4; lastKnownFileType = sourcecode.c.objc; path = ForecastViewController.m; sourceTree = "<group>"; };
		048532101C160FE800BD0F22 /* SwitchTableViewCell.h */ = {isa = PBXFileReference; fileEncoding = 4; lastKnownFileType = sourcecode.c.h; path = SwitchTableViewCell.h; sourceTree = "<group>"; };
		048532111C160FE800BD0F22 /* SwitchTableViewCell.m */ = {isa = PBXFileReference; fileEncoding = 4; lastKnownFileType = sourcecode.c.objc; path = SwitchTableViewCell.m; sourceTree = "<group>"; };
		0493FB911C08C0C500358F3C /* Design.m */ = {isa = PBXFileReference; fileEncoding = 4; lastKnownFileType = sourcecode.c.objc; path = Design.m; sourceTree = "<group>"; };
		0493FB931C08C0ED00358F3C /* Design.h */ = {isa = PBXFileReference; lastKnownFileType = sourcecode.c.h; path = Design.h; sourceTree = "<group>"; };
		0493FB941C0A165F00358F3C /* NavigationController.h */ = {isa = PBXFileReference; fileEncoding = 4; lastKnownFileType = sourcecode.c.h; path = NavigationController.h; sourceTree = "<group>"; };
		0493FB951C0A165F00358F3C /* NavigationController.m */ = {isa = PBXFileReference; fileEncoding = 4; lastKnownFileType = sourcecode.c.objc; path = NavigationController.m; sourceTree = "<group>"; };
		0493FB971C0A20DE00358F3C /* PageWeatherController.h */ = {isa = PBXFileReference; fileEncoding = 4; lastKnownFileType = sourcecode.c.h; path = PageWeatherController.h; sourceTree = "<group>"; };
		0493FB981C0A20DE00358F3C /* PageWeatherController.m */ = {isa = PBXFileReference; fileEncoding = 4; lastKnownFileType = sourcecode.c.objc; path = PageWeatherController.m; sourceTree = "<group>"; };
		04ABDBBF1C135E7100931CE8 /* CitySearchViewController.h */ = {isa = PBXFileReference; fileEncoding = 4; lastKnownFileType = sourcecode.c.h; path = CitySearchViewController.h; sourceTree = "<group>"; };
		04ABDBC01C135E7100931CE8 /* CitySearchViewController.m */ = {isa = PBXFileReference; fileEncoding = 4; lastKnownFileType = sourcecode.c.objc; path = CitySearchViewController.m; sourceTree = "<group>"; };
		04AC9B541BE9126100D0D429 /* WeatherViewController.h */ = {isa = PBXFileReference; fileEncoding = 4; lastKnownFileType = sourcecode.c.h; path = WeatherViewController.h; sourceTree = "<group>"; };
		04AC9B551BE9126100D0D429 /* WeatherViewController.m */ = {isa = PBXFileReference; fileEncoding = 4; lastKnownFileType = sourcecode.c.objc; path = WeatherViewController.m; sourceTree = "<group>"; };
		04AE66C51BDA63E2004E6FB5 /* WeatherManager.h */ = {isa = PBXFileReference; fileEncoding = 4; lastKnownFileType = sourcecode.c.h; name = WeatherManager.h; path = Model/WeatherManager.h; sourceTree = "<group>"; };
		04AE66C61BDA63E2004E6FB5 /* WeatherManager.m */ = {isa = PBXFileReference; fileEncoding = 4; lastKnownFileType = sourcecode.c.objc; name = WeatherManager.m; path = Model/WeatherManager.m; sourceTree = "<group>"; };
		04B3E0831B7E0B030010BE5E /* OpenWeatherMap.h */ = {isa = PBXFileReference; fileEncoding = 4; lastKnownFileType = sourcecode.c.h; path = OpenWeatherMap.h; sourceTree = "<group>"; };
		04B3E0841B7E0B030010BE5E /* OpenWeatherMap.m */ = {isa = PBXFileReference; fileEncoding = 4; lastKnownFileType = sourcecode.c.objc; path = OpenWeatherMap.m; sourceTree = "<group>"; };
		04FE0E171BA6D2D1005B061F /* CircleView.h */ = {isa = PBXFileReference; fileEncoding = 4; lastKnownFileType = sourcecode.c.h; path = CircleView.h; sourceTree = "<group>"; };
		04FE0E181BA6D2D1005B061F /* CircleView.m */ = {isa = PBXFileReference; fileEncoding = 4; lastKnownFileType = sourcecode.c.objc; path = CircleView.m; sourceTree = "<group>"; };
		635EDD761BDBFBC6008D48C6 /* UIImage+ImageEffects.h */ = {isa = PBXFileReference; fileEncoding = 4; lastKnownFileType = sourcecode.c.h; path = "UIImage+ImageEffects.h"; sourceTree = "<group>"; };
		635EDD771BDBFBC6008D48C6 /* UIImage+ImageEffects.m */ = {isa = PBXFileReference; fileEncoding = 4; lastKnownFileType = sourcecode.c.objc; path = "UIImage+ImageEffects.m"; sourceTree = "<group>"; };
		7A72E2C44007A34DB6A766E6 /* Pods.release.xcconfig */ = {isa = PBXFileReference; includeInIndex = 1; lastKnownFileType = text.xcconfig; name = Pods.release.xcconfig; path = "Pods/Target Support Files/Pods/Pods.release.xcconfig"; sourceTree = "<group>"; };
		C8F1EB7E79EF128728660A47 /* Pods.debug.xcconfig */ = {isa = PBXFileReference; includeInIndex = 1; lastKnownFileType = text.xcconfig; name = Pods.debug.xcconfig; path = "Pods/Target Support Files/Pods/Pods.debug.xcconfig"; sourceTree = "<group>"; };
		CE3B8AED1B78E68300716155 /* CoreLocation.framework */ = {isa = PBXFileReference; lastKnownFileType = wrapper.framework; name = CoreLocation.framework; path = System/Library/Frameworks/CoreLocation.framework; sourceTree = SDKROOT; };
		CE45718A1B83D1C300323C90 /* Weather.h */ = {isa = PBXFileReference; fileEncoding = 4; lastKnownFileType = sourcecode.c.h; name = Weather.h; path = Model/Weather.h; sourceTree = "<group>"; };
		CE45718B1B83D1C300323C90 /* Weather.m */ = {isa = PBXFileReference; fileEncoding = 4; lastKnownFileType = sourcecode.c.objc; name = Weather.m; path = Model/Weather.m; sourceTree = "<group>"; };
		CE69C1E71B77954E005CC71D /* WeatherApp.app */ = {isa = PBXFileReference; explicitFileType = wrapper.application; includeInIndex = 0; path = WeatherApp.app; sourceTree = BUILT_PRODUCTS_DIR; };
		CE69C1EB1B77954E005CC71D /* Info.plist */ = {isa = PBXFileReference; lastKnownFileType = text.plist.xml; path = Info.plist; sourceTree = "<group>"; };
		CE69C1EC1B77954E005CC71D /* main.m */ = {isa = PBXFileReference; lastKnownFileType = sourcecode.c.objc; path = main.m; sourceTree = "<group>"; };
		CE69C1EE1B77954E005CC71D /* AppDelegate.h */ = {isa = PBXFileReference; lastKnownFileType = sourcecode.c.h; path = AppDelegate.h; sourceTree = "<group>"; };
		CE69C1EF1B77954E005CC71D /* AppDelegate.m */ = {isa = PBXFileReference; lastKnownFileType = sourcecode.c.objc; path = AppDelegate.m; sourceTree = "<group>"; };
		CE69C1F51B77954E005CC71D /* Base */ = {isa = PBXFileReference; lastKnownFileType = file.storyboard; name = Base; path = Base.lproj/Main.storyboard; sourceTree = "<group>"; };
		CE69C1F71B77954E005CC71D /* Images.xcassets */ = {isa = PBXFileReference; lastKnownFileType = folder.assetcatalog; path = Images.xcassets; sourceTree = "<group>"; };
		CE69C1FA1B77954E005CC71D /* Base */ = {isa = PBXFileReference; lastKnownFileType = file.xib; name = Base; path = Base.lproj/LaunchScreen.xib; sourceTree = "<group>"; };
		CE69C2001B77954F005CC71D /* WeatherAppTests.xctest */ = {isa = PBXFileReference; explicitFileType = wrapper.cfbundle; includeInIndex = 0; path = WeatherAppTests.xctest; sourceTree = BUILT_PRODUCTS_DIR; };
		CE69C2051B77954F005CC71D /* Info.plist */ = {isa = PBXFileReference; lastKnownFileType = text.plist.xml; path = Info.plist; sourceTree = "<group>"; };
		CE69C2061B77954F005CC71D /* WeatherAppTests.m */ = {isa = PBXFileReference; lastKnownFileType = sourcecode.c.objc; path = WeatherAppTests.m; sourceTree = "<group>"; };
		CED1C9FF1C03C3110039BA9D /* CollectionReusableView.h */ = {isa = PBXFileReference; fileEncoding = 4; lastKnownFileType = sourcecode.c.h; path = CollectionReusableView.h; sourceTree = "<group>"; };
		CED1CA001C03C3110039BA9D /* CollectionReusableView.m */ = {isa = PBXFileReference; fileEncoding = 4; lastKnownFileType = sourcecode.c.objc; path = CollectionReusableView.m; sourceTree = "<group>"; };
		D6FF7968807FCA3E7085C27C /* libPods.a */ = {isa = PBXFileReference; explicitFileType = archive.ar; includeInIndex = 0; path = libPods.a; sourceTree = BUILT_PRODUCTS_DIR; };
/* End PBXFileReference section */

/* Begin PBXFrameworksBuildPhase section */
		CE69C1E41B77954E005CC71D /* Frameworks */ = {
			isa = PBXFrameworksBuildPhase;
			buildActionMask = 2147483647;
			files = (
				CE3B8AEE1B78E68300716155 /* CoreLocation.framework in Frameworks */,
				270D2FF70C22C7ACF78225BC /* libPods.a in Frameworks */,
			);
			runOnlyForDeploymentPostprocessing = 0;
		};
		CE69C1FD1B77954F005CC71D /* Frameworks */ = {
			isa = PBXFrameworksBuildPhase;
			buildActionMask = 2147483647;
			files = (
			);
			runOnlyForDeploymentPostprocessing = 0;
		};
/* End PBXFrameworksBuildPhase section */

/* Begin PBXGroup section */
		04154AE81BEA2BD1009989FD /* Charts */ = {
			isa = PBXGroup;
			children = (
				04154AE51BEA2BC6009989FD /* GradientPlots.h */,
				04154AE61BEA2BC6009989FD /* GradientPlots.m */,
			);
			name = Charts;
			sourceTree = "<group>";
		};
		04550CE31BCC0B3A00B07242 /* CircleView */ = {
			isa = PBXGroup;
			children = (
				04FE0E171BA6D2D1005B061F /* CircleView.h */,
				04FE0E181BA6D2D1005B061F /* CircleView.m */,
				04550CB61BC811CE00B07242 /* UIImage+Picker.h */,
				04550CB71BC811CE00B07242 /* UIImage+Picker.m */,
			);
			name = CircleView;
			sourceTree = "<group>";
		};
		04550CE51BCC0C7400B07242 /* Controllers */ = {
			isa = PBXGroup;
			children = (
				041131FD1C10BB0E008D7580 /* SettingsViewController.h */,
				041131FE1C10BB0E008D7580 /* SettingsViewController.m */,
				04ABDBBF1C135E7100931CE8 /* CitySearchViewController.h */,
				04ABDBC01C135E7100931CE8 /* CitySearchViewController.m */,
				0493FB971C0A20DE00358F3C /* PageWeatherController.h */,
				0493FB981C0A20DE00358F3C /* PageWeatherController.m */,
				0493FB941C0A165F00358F3C /* NavigationController.h */,
				0493FB951C0A165F00358F3C /* NavigationController.m */,
				04AC9B541BE9126100D0D429 /* WeatherViewController.h */,
				04AC9B551BE9126100D0D429 /* WeatherViewController.m */,
				04803C491BF5F93F004ED07D /* ForecastViewController.h */,
				04803C4A1BF5F93F004ED07D /* ForecastViewController.m */,
			);
			name = Controllers;
			sourceTree = "<group>";
		};
		04550CE61BCC0C8300B07242 /* WeatherService */ = {
			isa = PBXGroup;
			children = (
				CE45718A1B83D1C300323C90 /* Weather.h */,
				CE45718B1B83D1C300323C90 /* Weather.m */,
				04B3E0831B7E0B030010BE5E /* OpenWeatherMap.h */,
				04B3E0841B7E0B030010BE5E /* OpenWeatherMap.m */,
			);
			name = WeatherService;
			sourceTree = "<group>";
		};
		048E1B681BDE2DAE00707BDD /* Animations */ = {
			isa = PBXGroup;
			children = (
				044A6C481BCFD18E007B3FA4 /* FallBehavior.h */,
				044A6C491BCFD18E007B3FA4 /* FallBehavior.m */,
			);
			name = Animations;
			sourceTree = "<group>";
		};
		601B7960EE0107727B4A3D6D /* Pods */ = {
			isa = PBXGroup;
			children = (
				7A72E2C44007A34DB6A766E6 /* Pods.release.xcconfig */,
				C8F1EB7E79EF128728660A47 /* Pods.debug.xcconfig */,
			);
			name = Pods;
			sourceTree = "<group>";
		};
		842F261494DAC2FE3CA1334A /* Frameworks */ = {
			isa = PBXGroup;
			children = (
				CE3B8AED1B78E68300716155 /* CoreLocation.framework */,
				D6FF7968807FCA3E7085C27C /* libPods.a */,
			);
			name = Frameworks;
			sourceTree = "<group>";
		};
		CE69C1DE1B77954E005CC71D = {
			isa = PBXGroup;
			children = (
				CE69C1E91B77954E005CC71D /* WeatherApp */,
				CE69C2031B77954F005CC71D /* WeatherAppTests */,
				CE69C1E81B77954E005CC71D /* Products */,
				842F261494DAC2FE3CA1334A /* Frameworks */,
				601B7960EE0107727B4A3D6D /* Pods */,
			);
			sourceTree = "<group>";
		};
		CE69C1E81B77954E005CC71D /* Products */ = {
			isa = PBXGroup;
			children = (
				CE69C1E71B77954E005CC71D /* WeatherApp.app */,
				CE69C2001B77954F005CC71D /* WeatherAppTests.xctest */,
			);
			name = Products;
			sourceTree = "<group>";
		};
		CE69C1E91B77954E005CC71D /* WeatherApp */ = {
			isa = PBXGroup;
			children = (
				04154AE81BEA2BD1009989FD /* Charts */,
				CE93C4751B822C5D0098BA9B /* Model */,
				04550CE31BCC0B3A00B07242 /* CircleView */,
				048E1B681BDE2DAE00707BDD /* Animations */,
				04550CE51BCC0C7400B07242 /* Controllers */,
				04550CE61BCC0C8300B07242 /* WeatherService */,
				CE69C1EA1B77954E005CC71D /* Supporting Files */,
			);
			path = WeatherApp;
			sourceTree = "<group>";
		};
		CE69C1EA1B77954E005CC71D /* Supporting Files */ = {
			isa = PBXGroup;
			children = (
				048532101C160FE800BD0F22 /* SwitchTableViewCell.h */,
				048532111C160FE800BD0F22 /* SwitchTableViewCell.m */,
				0493FB931C08C0ED00358F3C /* Design.h */,
				0493FB911C08C0C500358F3C /* Design.m */,
				043F5BD91BFB97660061A8AA /* UIImage+OWMCondition.h */,
				043F5BDA1BFB97660061A8AA /* UIImage+OWMCondition.m */,
				635EDD761BDBFBC6008D48C6 /* UIImage+ImageEffects.h */,
				635EDD771BDBFBC6008D48C6 /* UIImage+ImageEffects.m */,
				CE69C1F41B77954E005CC71D /* Main.storyboard */,
				CED1C9FF1C03C3110039BA9D /* CollectionReusableView.h */,
				CED1CA001C03C3110039BA9D /* CollectionReusableView.m */,
				CE69C1F91B77954E005CC71D /* LaunchScreen.xib */,
				CE69C1F71B77954E005CC71D /* Images.xcassets */,
				CE69C1EE1B77954E005CC71D /* AppDelegate.h */,
				CE69C1EF1B77954E005CC71D /* AppDelegate.m */,
				CE69C1EB1B77954E005CC71D /* Info.plist */,
				CE69C1EC1B77954E005CC71D /* main.m */,
			);
			name = "Supporting Files";
			sourceTree = "<group>";
		};
		CE69C2031B77954F005CC71D /* WeatherAppTests */ = {
			isa = PBXGroup;
			children = (
				CE69C2061B77954F005CC71D /* WeatherAppTests.m */,
				CE69C2041B77954F005CC71D /* Supporting Files */,
			);
			path = WeatherAppTests;
			sourceTree = "<group>";
		};
		CE69C2041B77954F005CC71D /* Supporting Files */ = {
			isa = PBXGroup;
			children = (
				CE69C2051B77954F005CC71D /* Info.plist */,
			);
			name = "Supporting Files";
			sourceTree = "<group>";
		};
		CE93C4751B822C5D0098BA9B /* Model */ = {
			isa = PBXGroup;
			children = (
				04AE66C51BDA63E2004E6FB5 /* WeatherManager.h */,
				04AE66C61BDA63E2004E6FB5 /* WeatherManager.m */,
			);
			name = Model;
			sourceTree = "<group>";
		};
/* End PBXGroup section */

/* Begin PBXNativeTarget section */
		CE69C1E61B77954E005CC71D /* WeatherApp */ = {
			isa = PBXNativeTarget;
			buildConfigurationList = CE69C20A1B77954F005CC71D /* Build configuration list for PBXNativeTarget "WeatherApp" */;
			buildPhases = (
				FB1AA5D84BA2E01556A5DFA0 /* Check Pods Manifest.lock */,
				CE69C1E31B77954E005CC71D /* Sources */,
				CE69C1E41B77954E005CC71D /* Frameworks */,
				CE69C1E51B77954E005CC71D /* Resources */,
				27EAEE2C4CBB8C15DB2857AD /* Copy Pods Resources */,
				49305B9F5D90DFCE189657B5 /* Embed Pods Frameworks */,
			);
			buildRules = (
			);
			dependencies = (
			);
			name = WeatherApp;
			productName = WeatherApp;
			productReference = CE69C1E71B77954E005CC71D /* WeatherApp.app */;
			productType = "com.apple.product-type.application";
		};
		CE69C1FF1B77954F005CC71D /* WeatherAppTests */ = {
			isa = PBXNativeTarget;
			buildConfigurationList = CE69C20D1B77954F005CC71D /* Build configuration list for PBXNativeTarget "WeatherAppTests" */;
			buildPhases = (
				CE69C1FC1B77954F005CC71D /* Sources */,
				CE69C1FD1B77954F005CC71D /* Frameworks */,
				CE69C1FE1B77954F005CC71D /* Resources */,
			);
			buildRules = (
			);
			dependencies = (
				CE69C2021B77954F005CC71D /* PBXTargetDependency */,
			);
			name = WeatherAppTests;
			productName = WeatherAppTests;
			productReference = CE69C2001B77954F005CC71D /* WeatherAppTests.xctest */;
			productType = "com.apple.product-type.bundle.unit-test";
		};
/* End PBXNativeTarget section */

/* Begin PBXProject section */
		CE69C1DF1B77954E005CC71D /* Project object */ = {
			isa = PBXProject;
			attributes = {
				LastUpgradeCheck = 0710;
				ORGANIZATIONNAME = "Alex Sheverdin";
				TargetAttributes = {
					CE69C1E61B77954E005CC71D = {
						CreatedOnToolsVersion = 6.4;
					};
					CE69C1FF1B77954F005CC71D = {
						CreatedOnToolsVersion = 6.4;
						TestTargetID = CE69C1E61B77954E005CC71D;
					};
				};
			};
			buildConfigurationList = CE69C1E21B77954E005CC71D /* Build configuration list for PBXProject "WeatherApp" */;
			compatibilityVersion = "Xcode 3.2";
			developmentRegion = English;
			hasScannedForEncodings = 0;
			knownRegions = (
				en,
				Base,
			);
			mainGroup = CE69C1DE1B77954E005CC71D;
			productRefGroup = CE69C1E81B77954E005CC71D /* Products */;
			projectDirPath = "";
			projectRoot = "";
			targets = (
				CE69C1E61B77954E005CC71D /* WeatherApp */,
				CE69C1FF1B77954F005CC71D /* WeatherAppTests */,
			);
		};
/* End PBXProject section */

/* Begin PBXResourcesBuildPhase section */
		CE69C1E51B77954E005CC71D /* Resources */ = {
			isa = PBXResourcesBuildPhase;
			buildActionMask = 2147483647;
			files = (
				CE69C1F61B77954E005CC71D /* Main.storyboard in Resources */,
				CE69C1FB1B77954E005CC71D /* LaunchScreen.xib in Resources */,
				CE69C1F81B77954E005CC71D /* Images.xcassets in Resources */,
			);
			runOnlyForDeploymentPostprocessing = 0;
		};
		CE69C1FE1B77954F005CC71D /* Resources */ = {
			isa = PBXResourcesBuildPhase;
			buildActionMask = 2147483647;
			files = (
			);
			runOnlyForDeploymentPostprocessing = 0;
		};
/* End PBXResourcesBuildPhase section */

/* Begin PBXShellScriptBuildPhase section */
		27EAEE2C4CBB8C15DB2857AD /* Copy Pods Resources */ = {
			isa = PBXShellScriptBuildPhase;
			buildActionMask = 2147483647;
			files = (
			);
			inputPaths = (
			);
			name = "Copy Pods Resources";
			outputPaths = (
			);
			runOnlyForDeploymentPostprocessing = 0;
			shellPath = /bin/sh;
			shellScript = "\"${SRCROOT}/Pods/Target Support Files/Pods/Pods-resources.sh\"\n";
			showEnvVarsInLog = 0;
		};
		49305B9F5D90DFCE189657B5 /* Embed Pods Frameworks */ = {
			isa = PBXShellScriptBuildPhase;
			buildActionMask = 2147483647;
			files = (
			);
			inputPaths = (
			);
			name = "Embed Pods Frameworks";
			outputPaths = (
			);
			runOnlyForDeploymentPostprocessing = 0;
			shellPath = /bin/sh;
			shellScript = "\"${SRCROOT}/Pods/Target Support Files/Pods/Pods-frameworks.sh\"\n";
			showEnvVarsInLog = 0;
		};
		FB1AA5D84BA2E01556A5DFA0 /* Check Pods Manifest.lock */ = {
			isa = PBXShellScriptBuildPhase;
			buildActionMask = 2147483647;
			files = (
			);
			inputPaths = (
			);
			name = "Check Pods Manifest.lock";
			outputPaths = (
			);
			runOnlyForDeploymentPostprocessing = 0;
			shellPath = /bin/sh;
			shellScript = "diff \"${PODS_ROOT}/../Podfile.lock\" \"${PODS_ROOT}/Manifest.lock\" > /dev/null\nif [[ $? != 0 ]] ; then\n    cat << EOM\nerror: The sandbox is not in sync with the Podfile.lock. Run 'pod install' or update your CocoaPods installation.\nEOM\n    exit 1\nfi\n";
			showEnvVarsInLog = 0;
		};
/* End PBXShellScriptBuildPhase section */

/* Begin PBXSourcesBuildPhase section */
		CE69C1E31B77954E005CC71D /* Sources */ = {
			isa = PBXSourcesBuildPhase;
			buildActionMask = 2147483647;
			files = (
				04550CB81BC811CE00B07242 /* UIImage+Picker.m in Sources */,
				04803C4B1BF5F93F004ED07D /* ForecastViewController.m in Sources */,
				044A6C4A1BCFD18E007B3FA4 /* FallBehavior.m in Sources */,
				04ABDBC11C135E7100931CE8 /* CitySearchViewController.m in Sources */,
				041131FF1C10BB0E008D7580 /* SettingsViewController.m in Sources */,
				048532121C160FE800BD0F22 /* SwitchTableViewCell.m in Sources */,
				CE69C1F01B77954E005CC71D /* AppDelegate.m in Sources */,
				0493FB921C08C0C500358F3C /* Design.m in Sources */,
				0493FB961C0A165F00358F3C /* NavigationController.m in Sources */,
				04FE0E191BA6D2D1005B061F /* CircleView.m in Sources */,
				0493FB991C0A20DF00358F3C /* PageWeatherController.m in Sources */,
				04AE66C71BDA63E2004E6FB5 /* WeatherManager.m in Sources */,
				04AC9B561BE9126100D0D429 /* WeatherViewController.m in Sources */,
				635EDD781BDBFBC6008D48C6 /* UIImage+ImageEffects.m in Sources */,
				043F5BDB1BFB97660061A8AA /* UIImage+OWMCondition.m in Sources */,
				CE45718C1B83D1C300323C90 /* Weather.m in Sources */,
				CED1CA011C03C3120039BA9D /* CollectionReusableView.m in Sources */,
				04154AE71BEA2BC6009989FD /* GradientPlots.m in Sources */,
				04B3E0851B7E0B030010BE5E /* OpenWeatherMap.m in Sources */,
				CE69C1ED1B77954E005CC71D /* main.m in Sources */,
			);
			runOnlyForDeploymentPostprocessing = 0;
		};
		CE69C1FC1B77954F005CC71D /* Sources */ = {
			isa = PBXSourcesBuildPhase;
			buildActionMask = 2147483647;
			files = (
				CE69C2071B77954F005CC71D /* WeatherAppTests.m in Sources */,
			);
			runOnlyForDeploymentPostprocessing = 0;
		};
/* End PBXSourcesBuildPhase section */

/* Begin PBXTargetDependency section */
		CE69C2021B77954F005CC71D /* PBXTargetDependency */ = {
			isa = PBXTargetDependency;
			target = CE69C1E61B77954E005CC71D /* WeatherApp */;
			targetProxy = CE69C2011B77954F005CC71D /* PBXContainerItemProxy */;
		};
/* End PBXTargetDependency section */

/* Begin PBXVariantGroup section */
		CE69C1F41B77954E005CC71D /* Main.storyboard */ = {
			isa = PBXVariantGroup;
			children = (
				CE69C1F51B77954E005CC71D /* Base */,
			);
			name = Main.storyboard;
			sourceTree = "<group>";
		};
		CE69C1F91B77954E005CC71D /* LaunchScreen.xib */ = {
			isa = PBXVariantGroup;
			children = (
				CE69C1FA1B77954E005CC71D /* Base */,
			);
			name = LaunchScreen.xib;
			sourceTree = "<group>";
		};
/* End PBXVariantGroup section */

/* Begin XCBuildConfiguration section */
		048E1B691BDE5FB500707BDD /* Debug */ = {
			isa = XCBuildConfiguration;
			buildSettings = {
				ALWAYS_SEARCH_USER_PATHS = NO;
				CLANG_CXX_LANGUAGE_STANDARD = "gnu++0x";
				CLANG_CXX_LIBRARY = "libc++";
				CLANG_ENABLE_MODULES = YES;
				CLANG_ENABLE_OBJC_ARC = YES;
				CLANG_WARN_BOOL_CONVERSION = YES;
				CLANG_WARN_CONSTANT_CONVERSION = YES;
				CLANG_WARN_DIRECT_OBJC_ISA_USAGE = YES_ERROR;
				CLANG_WARN_EMPTY_BODY = YES;
				CLANG_WARN_ENUM_CONVERSION = YES;
				CLANG_WARN_INT_CONVERSION = YES;
				CLANG_WARN_OBJC_ROOT_CLASS = YES_ERROR;
				CLANG_WARN_UNREACHABLE_CODE = YES;
				CLANG_WARN__DUPLICATE_METHOD_MATCH = YES;
				"CODE_SIGN_IDENTITY[sdk=iphoneos*]" = "iPhone Developer";
				COPY_PHASE_STRIP = NO;
				DEBUG_INFORMATION_FORMAT = "dwarf-with-dsym";
				ENABLE_NS_ASSERTIONS = NO;
				ENABLE_STRICT_OBJC_MSGSEND = YES;
				ENABLE_TESTABILITY = YES;
				GCC_C_LANGUAGE_STANDARD = gnu99;
				GCC_NO_COMMON_BLOCKS = YES;
				GCC_OPTIMIZATION_LEVEL = 0;
				GCC_WARN_64_TO_32_BIT_CONVERSION = YES;
				GCC_WARN_ABOUT_RETURN_TYPE = YES_ERROR;
				GCC_WARN_UNDECLARED_SELECTOR = YES;
				GCC_WARN_UNINITIALIZED_AUTOS = YES_AGGRESSIVE;
				GCC_WARN_UNUSED_FUNCTION = YES;
				GCC_WARN_UNUSED_VARIABLE = YES;
				HEADER_SEARCH_PATHS = "";
				IPHONEOS_DEPLOYMENT_TARGET = 8.4;
				MTL_ENABLE_DEBUG_INFO = NO;
				ONLY_ACTIVE_ARCH = YES;
				SDKROOT = iphoneos;
				VALIDATE_PRODUCT = YES;
			};
			name = Debug;
		};
		048E1B6A1BDE5FB500707BDD /* Debug */ = {
			isa = XCBuildConfiguration;
			baseConfigurationReference = C8F1EB7E79EF128728660A47 /* Pods.debug.xcconfig */;
			buildSettings = {
				ASSETCATALOG_COMPILER_APPICON_NAME = AppIcon;
				CLANG_ENABLE_OBJC_ARC = YES;
				CODE_SIGN_IDENTITY = "iPhone Developer";
				"CODE_SIGN_IDENTITY[sdk=iphoneos*]" = "iPhone Developer";
				HEADER_SEARCH_PATHS = (
					"$(inherited)",
					"\"${PODS_ROOT}/Headers/Public\"",
					"\"${PODS_ROOT}/Headers/Public/CorePlot\"",
					"\"${PODS_ROOT}/Headers/Public/CorePlot/ios\"",
					"\"${PODS_ROOT}/Headers/Public/SDWebImage\"",
				);
				INFOPLIST_FILE = WeatherApp/Info.plist;
				IPHONEOS_DEPLOYMENT_TARGET = 8.0;
				LD_RUNPATH_SEARCH_PATHS = "$(inherited) @executable_path/Frameworks";
				ONLY_ACTIVE_ARCH = NO;
				OTHER_LDFLAGS = "$(inherited)";
				PRODUCT_BUNDLE_IDENTIFIER = "com.halkyon.$(PRODUCT_NAME:rfc1034identifier)";
				PRODUCT_NAME = "$(TARGET_NAME)";
				PROVISIONING_PROFILE = "";
			};
			name = Debug;
		};
		048E1B6B1BDE5FB500707BDD /* Debug */ = {
			isa = XCBuildConfiguration;
			buildSettings = {
				BUNDLE_LOADER = "$(TEST_HOST)";
				FRAMEWORK_SEARCH_PATHS = (
					"$(SDKROOT)/Developer/Library/Frameworks",
					"$(inherited)",
				);
				INFOPLIST_FILE = WeatherAppTests/Info.plist;
				LD_RUNPATH_SEARCH_PATHS = "$(inherited) @executable_path/Frameworks @loader_path/Frameworks";
				PRODUCT_BUNDLE_IDENTIFIER = "com.halkyon.$(PRODUCT_NAME:rfc1034identifier)";
				PRODUCT_NAME = "$(TARGET_NAME)";
				TEST_HOST = "$(BUILT_PRODUCTS_DIR)/WeatherApp.app/WeatherApp";
			};
			name = Debug;
		};
		CE69C2091B77954F005CC71D /* Release */ = {
			isa = XCBuildConfiguration;
			buildSettings = {
				ALWAYS_SEARCH_USER_PATHS = NO;
				CLANG_CXX_LANGUAGE_STANDARD = "gnu++0x";
				CLANG_CXX_LIBRARY = "libc++";
				CLANG_ENABLE_MODULES = YES;
				CLANG_ENABLE_OBJC_ARC = YES;
				CLANG_WARN_BOOL_CONVERSION = YES;
				CLANG_WARN_CONSTANT_CONVERSION = YES;
				CLANG_WARN_DIRECT_OBJC_ISA_USAGE = YES_ERROR;
				CLANG_WARN_EMPTY_BODY = YES;
				CLANG_WARN_ENUM_CONVERSION = YES;
				CLANG_WARN_INT_CONVERSION = YES;
				CLANG_WARN_OBJC_ROOT_CLASS = YES_ERROR;
				CLANG_WARN_UNREACHABLE_CODE = YES;
				CLANG_WARN__DUPLICATE_METHOD_MATCH = YES;
				"CODE_SIGN_IDENTITY[sdk=iphoneos*]" = "iPhone Developer";
				COPY_PHASE_STRIP = NO;
				DEBUG_INFORMATION_FORMAT = "dwarf-with-dsym";
				ENABLE_NS_ASSERTIONS = NO;
				ENABLE_STRICT_OBJC_MSGSEND = YES;
				GCC_C_LANGUAGE_STANDARD = gnu99;
				GCC_NO_COMMON_BLOCKS = YES;
				GCC_WARN_64_TO_32_BIT_CONVERSION = YES;
				GCC_WARN_ABOUT_RETURN_TYPE = YES_ERROR;
				GCC_WARN_UNDECLARED_SELECTOR = YES;
				GCC_WARN_UNINITIALIZED_AUTOS = YES_AGGRESSIVE;
				GCC_WARN_UNUSED_FUNCTION = YES;
				GCC_WARN_UNUSED_VARIABLE = YES;
				HEADER_SEARCH_PATHS = "";
				IPHONEOS_DEPLOYMENT_TARGET = 8.4;
				MTL_ENABLE_DEBUG_INFO = NO;
				SDKROOT = iphoneos;
				VALIDATE_PRODUCT = YES;
			};
			name = Release;
		};
		CE69C20C1B77954F005CC71D /* Release */ = {
			isa = XCBuildConfiguration;
			baseConfigurationReference = 7A72E2C44007A34DB6A766E6 /* Pods.release.xcconfig */;
			buildSettings = {
				ASSETCATALOG_COMPILER_APPICON_NAME = AppIcon;
				CLANG_ENABLE_OBJC_ARC = YES;
				CODE_SIGN_IDENTITY = "iPhone Developer";
				"CODE_SIGN_IDENTITY[sdk=iphoneos*]" = "iPhone Developer";
				HEADER_SEARCH_PATHS = (
					"$(inherited)",
					"\"${PODS_ROOT}/Headers/Public\"",
					"\"${PODS_ROOT}/Headers/Public/CorePlot\"",
					"\"${PODS_ROOT}/Headers/Public/CorePlot/ios\"",
					"\"${PODS_ROOT}/Headers/Public/SDWebImage\"",
				);
				INFOPLIST_FILE = WeatherApp/Info.plist;
				IPHONEOS_DEPLOYMENT_TARGET = 8.0;
				LD_RUNPATH_SEARCH_PATHS = "$(inherited) @executable_path/Frameworks";
				ONLY_ACTIVE_ARCH = NO;
				OTHER_LDFLAGS = "$(inherited)";
				PRODUCT_BUNDLE_IDENTIFIER = "com.halkyon.$(PRODUCT_NAME:rfc1034identifier)";
				PRODUCT_NAME = "$(TARGET_NAME)";
				PROVISIONING_PROFILE = "";
			};
			name = Release;
		};
		CE69C20F1B77954F005CC71D /* Release */ = {
			isa = XCBuildConfiguration;
			buildSettings = {
				BUNDLE_LOADER = "$(TEST_HOST)";
				FRAMEWORK_SEARCH_PATHS = (
					"$(SDKROOT)/Developer/Library/Frameworks",
					"$(inherited)",
				);
				INFOPLIST_FILE = WeatherAppTests/Info.plist;
				LD_RUNPATH_SEARCH_PATHS = "$(inherited) @executable_path/Frameworks @loader_path/Frameworks";
				PRODUCT_BUNDLE_IDENTIFIER = "com.halkyon.$(PRODUCT_NAME:rfc1034identifier)";
				PRODUCT_NAME = "$(TARGET_NAME)";
				TEST_HOST = "$(BUILT_PRODUCTS_DIR)/WeatherApp.app/WeatherApp";
			};
			name = Release;
		};
/* End XCBuildConfiguration section */

/* Begin XCConfigurationList section */
		CE69C1E21B77954E005CC71D /* Build configuration list for PBXProject "WeatherApp" */ = {
			isa = XCConfigurationList;
			buildConfigurations = (
				CE69C2091B77954F005CC71D /* Release */,
				048E1B691BDE5FB500707BDD /* Debug */,
			);
			defaultConfigurationIsVisible = 0;
			defaultConfigurationName = Debug;
		};
		CE69C20A1B77954F005CC71D /* Build configuration list for PBXNativeTarget "WeatherApp" */ = {
			isa = XCConfigurationList;
			buildConfigurations = (
				CE69C20C1B77954F005CC71D /* Release */,
				048E1B6A1BDE5FB500707BDD /* Debug */,
			);
			defaultConfigurationIsVisible = 0;
			defaultConfigurationName = Debug;
		};
		CE69C20D1B77954F005CC71D /* Build configuration list for PBXNativeTarget "WeatherAppTests" */ = {
			isa = XCConfigurationList;
			buildConfigurations = (
				CE69C20F1B77954F005CC71D /* Release */,
				048E1B6B1BDE5FB500707BDD /* Debug */,
			);
			defaultConfigurationIsVisible = 0;
			defaultConfigurationName = Debug;
		};
/* End XCConfigurationList section */
	};
	rootObject = CE69C1DF1B77954E005CC71D /* Project object */;
}
